// !$*UTF8*$!
{
	archiveVersion = 1;
	classes = {
	};
	objectVersion = 46;
	objects = {

/* Begin PBXBuildFile section */
		70F6215F1B343F5F0070DC17 /* AppDelegate.swift in Sources */ = {isa = PBXBuildFile; fileRef = 70F6215E1B343F5F0070DC17 /* AppDelegate.swift */; };
		70F621621B343F5F0070DC17 /* BasicInteracton.xcdatamodeld in Sources */ = {isa = PBXBuildFile; fileRef = 70F621601B343F5F0070DC17 /* BasicInteracton.xcdatamodeld */; };
		70F621641B343F5F0070DC17 /* ViewController.swift in Sources */ = {isa = PBXBuildFile; fileRef = 70F621631B343F5F0070DC17 /* ViewController.swift */; };
		70F621671B343F5F0070DC17 /* Main.storyboard in Resources */ = {isa = PBXBuildFile; fileRef = 70F621651B343F5F0070DC17 /* Main.storyboard */; };
		70F621691B343F5F0070DC17 /* Images.xcassets in Resources */ = {isa = PBXBuildFile; fileRef = 70F621681B343F5F0070DC17 /* Images.xcassets */; };
		70F6216C1B343F5F0070DC17 /* LaunchScreen.xib in Resources */ = {isa = PBXBuildFile; fileRef = 70F6216A1B343F5F0070DC17 /* LaunchScreen.xib */; };
		70F621781B343F5F0070DC17 /* BasicInteractonTests.swift in Sources */ = {isa = PBXBuildFile; fileRef = 70F621771B343F5F0070DC17 /* BasicInteractonTests.swift */; };
/* End PBXBuildFile section */

/* Begin PBXContainerItemProxy section */
		70F621721B343F5F0070DC17 /* PBXContainerItemProxy */ = {
			isa = PBXContainerItemProxy;
			containerPortal = 70F621511B343F5F0070DC17 /* Project object */;
			proxyType = 1;
			remoteGlobalIDString = 70F621581B343F5F0070DC17;
			remoteInfo = BasicInteracton;
		};
/* End PBXContainerItemProxy section */

/* Begin PBXFileReference section */
		70F621591B343F5F0070DC17 /* BasicInteracton.app */ = {isa = PBXFileReference; explicitFileType = wrapper.application; includeInIndex = 0; path = BasicInteracton.app; sourceTree = BUILT_PRODUCTS_DIR; };
		70F6215D1B343F5F0070DC17 /* Info.plist */ = {isa = PBXFileReference; lastKnownFileType = text.plist.xml; path = Info.plist; sourceTree = "<group>"; };
		70F6215E1B343F5F0070DC17 /* AppDelegate.swift */ = {isa = PBXFileReference; lastKnownFileType = sourcecode.swift; path = AppDelegate.swift; sourceTree = "<group>"; };
		70F621611B343F5F0070DC17 /* BasicInteracton.xcdatamodel */ = {isa = PBXFileReference; lastKnownFileType = wrapper.xcdatamodel; path = BasicInteracton.xcdatamodel; sourceTree = "<group>"; };
		70F621631B343F5F0070DC17 /* ViewController.swift */ = {isa = PBXFileReference; lastKnownFileType = sourcecode.swift; path = ViewController.swift; sourceTree = "<group>"; };
		70F621661B343F5F0070DC17 /* Base */ = {isa = PBXFileReference; lastKnownFileType = file.storyboard; name = Base; path = Base.lproj/Main.storyboard; sourceTree = "<group>"; };
		70F621681B343F5F0070DC17 /* Images.xcassets */ = {isa = PBXFileReference; lastKnownFileType = folder.assetcatalog; path = Images.xcassets; sourceTree = "<group>"; };
		70F6216B1B343F5F0070DC17 /* Base */ = {isa = PBXFileReference; lastKnownFileType = file.xib; name = Base; path = Base.lproj/LaunchScreen.xib; sourceTree = "<group>"; };
		70F621711B343F5F0070DC17 /* BasicInteractonTests.xctest */ = {isa = PBXFileReference; explicitFileType = wrapper.cfbundle; includeInIndex = 0; path = BasicInteractonTests.xctest; sourceTree = BUILT_PRODUCTS_DIR; };
		70F621761B343F5F0070DC17 /* Info.plist */ = {isa = PBXFileReference; lastKnownFileType = text.plist.xml; path = Info.plist; sourceTree = "<group>"; };
		70F621771B343F5F0070DC17 /* BasicInteractonTests.swift */ = {isa = PBXFileReference; lastKnownFileType = sourcecode.swift; path = BasicInteractonTests.swift; sourceTree = "<group>"; };
/* End PBXFileReference section */

/* Begin PBXFrameworksBuildPhase section */
		70F621561B343F5F0070DC17 /* Frameworks */ = {
			isa = PBXFrameworksBuildPhase;
			buildActionMask = 2147483647;
			files = (
			);
			runOnlyForDeploymentPostprocessing = 0;
		};
		70F6216E1B343F5F0070DC17 /* Frameworks */ = {
			isa = PBXFrameworksBuildPhase;
			buildActionMask = 2147483647;
			files = (
			);
			runOnlyForDeploymentPostprocessing = 0;
		};
/* End PBXFrameworksBuildPhase section */

/* Begin PBXGroup section */
		70F621501B343F5F0070DC17 = {
			isa = PBXGroup;
			children = (
				70F6215B1B343F5F0070DC17 /* BasicInteracton */,
				70F621741B343F5F0070DC17 /* BasicInteractonTests */,
				70F6215A1B343F5F0070DC17 /* Products */,
			);
			sourceTree = "<group>";
		};
		70F6215A1B343F5F0070DC17 /* Products */ = {
			isa = PBXGroup;
			children = (
				70F621591B343F5F0070DC17 /* BasicInteracton.app */,
				70F621711B343F5F0070DC17 /* BasicInteractonTests.xctest */,
			);
			name = Products;
			sourceTree = "<group>";
		};
		70F6215B1B343F5F0070DC17 /* BasicInteracton */ = {
			isa = PBXGroup;
			children = (
				70F6215E1B343F5F0070DC17 /* AppDelegate.swift */,
				70F621631B343F5F0070DC17 /* ViewController.swift */,
				70F621651B343F5F0070DC17 /* Main.storyboard */,
				70F621681B343F5F0070DC17 /* Images.xcassets */,
				70F6216A1B343F5F0070DC17 /* LaunchScreen.xib */,
				70F621601B343F5F0070DC17 /* BasicInteracton.xcdatamodeld */,
				70F6215C1B343F5F0070DC17 /* Supporting Files */,
			);
			path = BasicInteracton;
			sourceTree = "<group>";
		};
		70F6215C1B343F5F0070DC17 /* Supporting Files */ = {
			isa = PBXGroup;
			children = (
				70F6215D1B343F5F0070DC17 /* Info.plist */,
			);
			name = "Supporting Files";
			sourceTree = "<group>";
		};
		70F621741B343F5F0070DC17 /* BasicInteractonTests */ = {
			isa = PBXGroup;
			children = (
				70F621771B343F5F0070DC17 /* BasicInteractonTests.swift */,
				70F621751B343F5F0070DC17 /* Supporting Files */,
			);
			path = BasicInteractonTests;
			sourceTree = "<group>";
		};
		70F621751B343F5F0070DC17 /* Supporting Files */ = {
			isa = PBXGroup;
			children = (
				70F621761B343F5F0070DC17 /* Info.plist */,
			);
			name = "Supporting Files";
			sourceTree = "<group>";
		};
/* End PBXGroup section */

/* Begin PBXNativeTarget section */
		70F621581B343F5F0070DC17 /* BasicInteracton */ = {
			isa = PBXNativeTarget;
			buildConfigurationList = 70F6217B1B343F5F0070DC17 /* Build configuration list for PBXNativeTarget "BasicInteracton" */;
			buildPhases = (
				70F621551B343F5F0070DC17 /* Sources */,
				70F621561B343F5F0070DC17 /* Frameworks */,
				70F621571B343F5F0070DC17 /* Resources */,
			);
			buildRules = (
			);
			dependencies = (
			);
			name = BasicInteracton;
			productName = BasicInteracton;
			productReference = 70F621591B343F5F0070DC17 /* BasicInteracton.app */;
			productType = "com.apple.product-type.application";
		};
		70F621701B343F5F0070DC17 /* BasicInteractonTests */ = {
			isa = PBXNativeTarget;
			buildConfigurationList = 70F6217E1B343F5F0070DC17 /* Build configuration list for PBXNativeTarget "BasicInteractonTests" */;
			buildPhases = (
				70F6216D1B343F5F0070DC17 /* Sources */,
				70F6216E1B343F5F0070DC17 /* Frameworks */,
				70F6216F1B343F5F0070DC17 /* Resources */,
			);
			buildRules = (
			);
			dependencies = (
				70F621731B343F5F0070DC17 /* PBXTargetDependency */,
			);
			name = BasicInteractonTests;
			productName = BasicInteractonTests;
			productReference = 70F621711B343F5F0070DC17 /* BasicInteractonTests.xctest */;
			productType = "com.apple.product-type.bundle.unit-test";
		};
/* End PBXNativeTarget section */

/* Begin PBXProject section */
		70F621511B343F5F0070DC17 /* Project object */ = {
			isa = PBXProject;
			attributes = {
				LastUpgradeCheck = 0630;
				ORGANIZATIONNAME = alec;
				TargetAttributes = {
					70F621581B343F5F0070DC17 = {
						CreatedOnToolsVersion = 6.3.2;
					};
					70F621701B343F5F0070DC17 = {
						CreatedOnToolsVersion = 6.3.2;
						TestTargetID = 70F621581B343F5F0070DC17;
					};
				};
			};
			buildConfigurationList = 70F621541B343F5F0070DC17 /* Build configuration list for PBXProject "BasicInteracton" */;
			compatibilityVersion = "Xcode 3.2";
			developmentRegion = English;
			hasScannedForEncodings = 0;
			knownRegions = (
				en,
				Base,
			);
			mainGroup = 70F621501B343F5F0070DC17;
			productRefGroup = 70F6215A1B343F5F0070DC17 /* Products */;
			projectDirPath = "";
			projectRoot = "";
			targets = (
				70F621581B343F5F0070DC17 /* BasicInteracton */,
				70F621701B343F5F0070DC17 /* BasicInteractonTests */,
			);
		};
/* End PBXProject section */

/* Begin PBXResourcesBuildPhase section */
		70F621571B343F5F0070DC17 /* Resources */ = {
			isa = PBXResourcesBuildPhase;
			buildActionMask = 2147483647;
			files = (
				70F621671B343F5F0070DC17 /* Main.storyboard in Resources */,
				70F6216C1B343F5F0070DC17 /* LaunchScreen.xib in Resources */,
				70F621691B343F5F0070DC17 /* Images.xcassets in Resources */,
			);
			runOnlyForDeploymentPostprocessing = 0;
		};
		70F6216F1B343F5F0070DC17 /* Resources */ = {
			isa = PBXResourcesBuildPhase;
			buildActionMask = 2147483647;
			files = (
			);
			runOnlyForDeploymentPostprocessing = 0;
		};
/* End PBXResourcesBuildPhase section */

/* Begin PBXSourcesBuildPhase section */
		70F621551B343F5F0070DC17 /* Sources */ = {
			isa = PBXSourcesBuildPhase;
			buildActionMask = 2147483647;
			files = (
				70F621641B343F5F0070DC17 /* ViewController.swift in Sources */,
				70F6215F1B343F5F0070DC17 /* AppDelegate.swift in Sources */,
				70F621621B343F5F0070DC17 /* BasicInteracton.xcdatamodeld in Sources */,
			);
			runOnlyForDeploymentPostprocessing = 0;
		};
		70F6216D1B343F5F0070DC17 /* Sources */ = {
			isa = PBXSourcesBuildPhase;
			buildActionMask = 2147483647;
			files = (
				70F621781B343F5F0070DC17 /* BasicInteractonTests.swift in Sources */,
			);
			runOnlyForDeploymentPostprocessing = 0;
		};
/* End PBXSourcesBuildPhase section */

/* Begin PBXTargetDependency section */
		70F621731B343F5F0070DC17 /* PBXTargetDependency */ = {
			isa = PBXTargetDependency;
			target = 70F621581B343F5F0070DC17 /* BasicInteracton */;
			targetProxy = 70F621721B343F5F0070DC17 /* PBXContainerItemProxy */;
		};
/* End PBXTargetDependency section */

/* Begin PBXVariantGroup section */
		70F621651B343F5F0070DC17 /* Main.storyboard */ = {
			isa = PBXVariantGroup;
			children = (
				70F621661B343F5F0070DC17 /* Base */,
			);
			name = Main.storyboard;
			sourceTree = "<group>";
		};
		70F6216A1B343F5F0070DC17 /* LaunchScreen.xib */ = {
			isa = PBXVariantGroup;
			children = (
				70F6216B1B343F5F0070DC17 /* Base */,
			);
			name = LaunchScreen.xib;
			sourceTree = "<group>";
		};
/* End PBXVariantGroup section */

/* Begin XCBuildConfiguration section */
		70F621791B343F5F0070DC17 /* Debug */ = {
			isa = XCBuildConfiguration;
			buildSettings = {
				ALWAYS_SEARCH_USER_PATHS = NO;
				CLANG_CXX_LANGUAGE_STANDARD = "gnu++0x";
				CLANG_CXX_LIBRARY = "libc++";
				CLANG_ENABLE_MODULES = YES;
				CLANG_ENABLE_OBJC_ARC = YES;
				CLANG_WARN_BOOL_CONVERSION = YES;
				CLANG_WARN_CONSTANT_CONVERSION = YES;
				CLANG_WARN_DIRECT_OBJC_ISA_USAGE = YES_ERROR;
				CLANG_WARN_EMPTY_BODY = YES;
				CLANG_WARN_ENUM_CONVERSION = YES;
				CLANG_WARN_INT_CONVERSION = YES;
				CLANG_WARN_OBJC_ROOT_CLASS = YES_ERROR;
				CLANG_WARN_UNREACHABLE_CODE = YES;
				CLANG_WARN__DUPLICATE_METHOD_MATCH = YES;
				"CODE_SIGN_IDENTITY[sdk=iphoneos*]" = "iPhone Developer";
				COPY_PHASE_STRIP = NO;
				DEBUG_INFORMATION_FORMAT = "dwarf-with-dsym";
				ENABLE_STRICT_OBJC_MSGSEND = YES;
				GCC_C_LANGUAGE_STANDARD = gnu99;
				GCC_DYNAMIC_NO_PIC = NO;
				GCC_NO_COMMON_BLOCKS = YES;
				GCC_OPTIMIZATION_LEVEL = 0;
				GCC_PREPROCESSOR_DEFINITIONS = (
					"DEBUG=1",
					"$(inherited)",
				);
				GCC_SYMBOLS_PRIVATE_EXTERN = NO;
				GCC_WARN_64_TO_32_BIT_CONVERSION = YES;
				GCC_WARN_ABOUT_RETURN_TYPE = YES_ERROR;
				GCC_WARN_UNDECLARED_SELECTOR = YES;
				GCC_WARN_UNINITIALIZED_AUTOS = YES_AGGRESSIVE;
				GCC_WARN_UNUSED_FUNCTION = YES;
				GCC_WARN_UNUSED_VARIABLE = YES;
				IPHONEOS_DEPLOYMENT_TARGET = 8.3;
				MTL_ENABLE_DEBUG_INFO = YES;
				ONLY_ACTIVE_ARCH = YES;
				SDKROOT = iphoneos;
				SWIFT_OPTIMIZATION_LEVEL = "-Onone";
				TARGETED_DEVICE_FAMILY = "1,2";
			};
			name = Debug;
		};
		70F6217A1B343F5F0070DC17 /* Release */ = {
			isa = XCBuildConfiguration;
			buildSettings = {
				ALWAYS_SEARCH_USER_PATHS = NO;
				CLANG_CXX_LANGUAGE_STANDARD = "gnu++0x";
				CLANG_CXX_LIBRARY = "libc++";
				CLANG_ENABLE_MODULES = YES;
				CLANG_ENABLE_OBJC_ARC = YES;
				CLANG_WARN_BOOL_CONVERSION = YES;
				CLANG_WARN_CONSTANT_CONVERSION = YES;
				CLANG_WARN_DIRECT_OBJC_ISA_USAGE = YES_ERROR;
				CLANG_WARN_EMPTY_BODY = YES;
				CLANG_WARN_ENUM_CONVERSION = YES;
				CLANG_WARN_INT_CONVERSION = YES;
				CLANG_WARN_OBJC_ROOT_CLASS = YES_ERROR;
				CLANG_WARN_UNREACHABLE_CODE = YES;
				CLANG_WARN__DUPLICATE_METHOD_MATCH = YES;
				"CODE_SIGN_IDENTITY[sdk=iphoneos*]" = "iPhone Developer";
				COPY_PHASE_STRIP = NO;
				DEBUG_INFORMATION_FORMAT = "dwarf-with-dsym";
				ENABLE_NS_ASSERTIONS = NO;
				ENABLE_STRICT_OBJC_MSGSEND = YES;
				GCC_C_LANGUAGE_STANDARD = gnu99;
				GCC_NO_COMMON_BLOCKS = YES;
				GCC_WARN_64_TO_32_BIT_CONVERSION = YES;
				GCC_WARN_ABOUT_RETURN_TYPE = YES_ERROR;
				GCC_WARN_UNDECLARED_SELECTOR = YES;
				GCC_WARN_UNINITIALIZED_AUTOS = YES_AGGRESSIVE;
				GCC_WARN_UNUSED_FUNCTION = YES;
				GCC_WARN_UNUSED_VARIABLE = YES;
				IPHONEOS_DEPLOYMENT_TARGET = 8.3;
				MTL_ENABLE_DEBUG_INFO = NO;
				SDKROOT = iphoneos;
				TARGETED_DEVICE_FAMILY = "1,2";
				VALIDATE_PRODUCT = YES;
			};
			name = Release;
		};
		70F6217C1B343F5F0070DC17 /* Debug */ = {
			isa = XCBuildConfiguration;
			buildSettings = {
				ASSETCATALOG_COMPILER_APPICON_NAME = AppIcon;
				INFOPLIST_FILE = BasicInteracton/Info.plist;
				LD_RUNPATH_SEARCH_PATHS = "$(inherited) @executable_path/Frameworks";
				PRODUCT_NAME = "$(TARGET_NAME)";
			};
			name = Debug;
		};
		70F6217D1B343F5F0070DC17 /* Release */ = {
			isa = XCBuildConfiguration;
			buildSettings = {
				ASSETCATALOG_COMPILER_APPICON_NAME = AppIcon;
				INFOPLIST_FILE = BasicInteracton/Info.plist;
				LD_RUNPATH_SEARCH_PATHS = "$(inherited) @executable_path/Frameworks";
				PRODUCT_NAME = "$(TARGET_NAME)";
			};
			name = Release;
		};
		70F6217F1B343F5F0070DC17 /* Debug */ = {
			isa = XCBuildConfiguration;
			buildSettings = {
				BUNDLE_LOADER = "$(TEST_HOST)";
				FRAMEWORK_SEARCH_PATHS = (
					"$(SDKROOT)/Developer/Library/Frameworks",
					"$(inherited)",
				);
				GCC_PREPROCESSOR_DEFINITIONS = (
					"DEBUG=1",
					"$(inherited)",
				);
				INFOPLIST_FILE = BasicInteractonTests/Info.plist;
				LD_RUNPATH_SEARCH_PATHS = "$(inherited) @executable_path/Frameworks @loader_path/Frameworks";
				PRODUCT_NAME = "$(TARGET_NAME)";
				TEST_HOST = "$(BUILT_PRODUCTS_DIR)/BasicInteracton.app/BasicInteracton";
			};
			name = Debug;
		};
		70F621801B343F5F0070DC17 /* Release */ = {
			isa = XCBuildConfiguration;
			buildSettings = {
				BUNDLE_LOADER = "$(TEST_HOST)";
				FRAMEWORK_SEARCH_PATHS = (
					"$(SDKROOT)/Developer/Library/Frameworks",
					"$(inherited)",
				);
				INFOPLIST_FILE = BasicInteractonTests/Info.plist;
				LD_RUNPATH_SEARCH_PATHS = "$(inherited) @executable_path/Frameworks @loader_path/Frameworks";
				PRODUCT_NAME = "$(TARGET_NAME)";
				TEST_HOST = "$(BUILT_PRODUCTS_DIR)/BasicInteracton.app/BasicInteracton";
			};
			name = Release;
		};
/* End XCBuildConfiguration section */

/* Begin XCConfigurationList section */
		70F621541B343F5F0070DC17 /* Build configuration list for PBXProject "BasicInteracton" */ = {
			isa = XCConfigurationList;
			buildConfigurations = (
				70F621791B343F5F0070DC17 /* Debug */,
				70F6217A1B343F5F0070DC17 /* Release */,
			);
			defaultConfigurationIsVisible = 0;
			defaultConfigurationName = Release;
		};
		70F6217B1B343F5F0070DC17 /* Build configuration list for PBXNativeTarget "BasicInteracton" */ = {
			isa = XCConfigurationList;
			buildConfigurations = (
				70F6217C1B343F5F0070DC17 /* Debug */,
				70F6217D1B343F5F0070DC17 /* Release */,
			);
			defaultConfigurationIsVisible = 0;
		};
		70F6217E1B343F5F0070DC17 /* Build configuration list for PBXNativeTarget "BasicInteractonTests" */ = {
			isa = XCConfigurationList;
			buildConfigurations = (
				70F6217F1B343F5F0070DC17 /* Debug */,
				70F621801B343F5F0070DC17 /* Release */,
			);
			defaultConfigurationIsVisible = 0;
		};
/* End XCConfigurationList section */

/* Begin XCVersionGroup section */
		70F621601B343F5F0070DC17 /* BasicInteracton.xcdatamodeld */ = {
			isa = XCVersionGroup;
			children = (
				70F621611B343F5F0070DC17 /* BasicInteracton.xcdatamodel */,
			);
			currentVersion = 70F621611B343F5F0070DC17 /* BasicInteracton.xcdatamodel */;
			path = BasicInteracton.xcdatamodeld;
			sourceTree = "<group>";
			versionGroupType = wrapper.xcdatamodel;
		};
/* End XCVersionGroup section */
	};
	rootObject = 70F621511B343F5F0070DC17 /* Project object */;
}
