// !$*UTF8*$!
{
	archiveVersion = 1;
	classes = {
	};
	objectVersion = 46;
	objects = {

/* Begin PBXBuildFile section */
		705AE96C1B3B8B8600337C17 /* InterfaceController.swift in Sources */ = {isa = PBXBuildFile; fileRef = 705AE96B1B3B8B8600337C17 /* InterfaceController.swift */; };
		705AE96E1B3B8B8600337C17 /* Images.xcassets in Resources */ = {isa = PBXBuildFile; fileRef = 705AE96D1B3B8B8600337C17 /* Images.xcassets */; };
		705AE9721B3B8B8600337C17 /* Food On Your Mind Shoping List WatchKit App.app in Resources */ = {isa = PBXBuildFile; fileRef = 705AE9711B3B8B8600337C17 /* Food On Your Mind Shoping List WatchKit App.app */; };
		705AE97A1B3B8B8600337C17 /* Interface.storyboard in Resources */ = {isa = PBXBuildFile; fileRef = 705AE9781B3B8B8600337C17 /* Interface.storyboard */; };
		705AE97C1B3B8B8600337C17 /* Images.xcassets in Resources */ = {isa = PBXBuildFile; fileRef = 705AE97B1B3B8B8600337C17 /* Images.xcassets */; };
		705AE97F1B3B8B8600337C17 /* Food On Your Mind Shoping List WatchKit Extension.appex in Embed App Extensions */ = {isa = PBXBuildFile; fileRef = 705AE9671B3B8B8500337C17 /* Food On Your Mind Shoping List WatchKit Extension.appex */; settings = {ATTRIBUTES = (RemoveHeadersOnCopy, ); }; };
		707E41CB1B377B0300F95552 /* listCell.swift in Sources */ = {isa = PBXBuildFile; fileRef = 707E41CA1B377B0300F95552 /* listCell.swift */; };
		70BC78201B34EED90068B35C /* AppDelegate.swift in Sources */ = {isa = PBXBuildFile; fileRef = 70BC781F1B34EED90068B35C /* AppDelegate.swift */; };
		70BC78221B34EED90068B35C /* ViewController.swift in Sources */ = {isa = PBXBuildFile; fileRef = 70BC78211B34EED90068B35C /* ViewController.swift */; };
		70BC78251B34EED90068B35C /* Main.storyboard in Resources */ = {isa = PBXBuildFile; fileRef = 70BC78231B34EED90068B35C /* Main.storyboard */; };
		70BC78271B34EED90068B35C /* Images.xcassets in Resources */ = {isa = PBXBuildFile; fileRef = 70BC78261B34EED90068B35C /* Images.xcassets */; };
		70BC782A1B34EED90068B35C /* LaunchScreen.xib in Resources */ = {isa = PBXBuildFile; fileRef = 70BC78281B34EED90068B35C /* LaunchScreen.xib */; };
		70BC78361B34EED90068B35C /* TableDemoTests.swift in Sources */ = {isa = PBXBuildFile; fileRef = 70BC78351B34EED90068B35C /* TableDemoTests.swift */; };
		70DD2C471B3F66B900DFB465 /* ingredientWatchCell.swift in Sources */ = {isa = PBXBuildFile; fileRef = 70DD2C461B3F66B900DFB465 /* ingredientWatchCell.swift */; };
		70DD2C481B3F682E00DFB465 /* Interface.storyboard in Resources */ = {isa = PBXBuildFile; fileRef = 705AE9781B3B8B8600337C17 /* Interface.storyboard */; };
		70DD2C4A1B3F6A7A00DFB465 /* recipieModel.swift in Sources */ = {isa = PBXBuildFile; fileRef = 70DD2C491B3F6A7A00DFB465 /* recipieModel.swift */; };
		70E8BA701B35C98E003CF4EF /* recipieModel.swift in Sources */ = {isa = PBXBuildFile; fileRef = 70E8BA6F1B35C98E003CF4EF /* recipieModel.swift */; };
/* End PBXBuildFile section */

/* Begin PBXContainerItemProxy section */
		705AE9731B3B8B8600337C17 /* PBXContainerItemProxy */ = {
			isa = PBXContainerItemProxy;
			containerPortal = 70BC78121B34EED90068B35C /* Project object */;
			proxyType = 1;
			remoteGlobalIDString = 705AE9701B3B8B8600337C17;
			remoteInfo = "Food On Your Mind Shoping List WatchKit App";
		};
		705AE97D1B3B8B8600337C17 /* PBXContainerItemProxy */ = {
			isa = PBXContainerItemProxy;
			containerPortal = 70BC78121B34EED90068B35C /* Project object */;
			proxyType = 1;
			remoteGlobalIDString = 705AE9661B3B8B8500337C17;
			remoteInfo = "Food On Your Mind Shoping List WatchKit Extension";
		};
		70BC78301B34EED90068B35C /* PBXContainerItemProxy */ = {
			isa = PBXContainerItemProxy;
			containerPortal = 70BC78121B34EED90068B35C /* Project object */;
			proxyType = 1;
			remoteGlobalIDString = 70BC78191B34EED90068B35C;
			remoteInfo = TableDemo;
		};
/* End PBXContainerItemProxy section */

/* Begin PBXCopyFilesBuildPhase section */
		705AE9861B3B8B8600337C17 /* Embed App Extensions */ = {
			isa = PBXCopyFilesBuildPhase;
			buildActionMask = 2147483647;
			dstPath = "";
			dstSubfolderSpec = 13;
			files = (
				705AE97F1B3B8B8600337C17 /* Food On Your Mind Shoping List WatchKit Extension.appex in Embed App Extensions */,
			);
			name = "Embed App Extensions";
			runOnlyForDeploymentPostprocessing = 0;
		};
/* End PBXCopyFilesBuildPhase section */

/* Begin PBXFileReference section */
		705AE9671B3B8B8500337C17 /* Food On Your Mind Shoping List WatchKit Extension.appex */ = {isa = PBXFileReference; explicitFileType = "wrapper.app-extension"; includeInIndex = 0; path = "Food On Your Mind Shoping List WatchKit Extension.appex"; sourceTree = BUILT_PRODUCTS_DIR; };
		705AE96A1B3B8B8600337C17 /* Info.plist */ = {isa = PBXFileReference; lastKnownFileType = text.plist.xml; path = Info.plist; sourceTree = "<group>"; };
		705AE96B1B3B8B8600337C17 /* InterfaceController.swift */ = {isa = PBXFileReference; lastKnownFileType = sourcecode.swift; path = InterfaceController.swift; sourceTree = "<group>"; };
		705AE96D1B3B8B8600337C17 /* Images.xcassets */ = {isa = PBXFileReference; lastKnownFileType = folder.assetcatalog; path = Images.xcassets; sourceTree = "<group>"; };
		705AE9711B3B8B8600337C17 /* Food On Your Mind Shoping List WatchKit App.app */ = {isa = PBXFileReference; explicitFileType = wrapper.application; includeInIndex = 0; path = "Food On Your Mind Shoping List WatchKit App.app"; sourceTree = BUILT_PRODUCTS_DIR; };
		705AE9771B3B8B8600337C17 /* Info.plist */ = {isa = PBXFileReference; lastKnownFileType = text.plist.xml; path = Info.plist; sourceTree = "<group>"; };
		705AE9791B3B8B8600337C17 /* Base */ = {isa = PBXFileReference; lastKnownFileType = file.storyboard; name = Base; path = Base.lproj/Interface.storyboard; sourceTree = "<group>"; };
		705AE97B1B3B8B8600337C17 /* Images.xcassets */ = {isa = PBXFileReference; lastKnownFileType = folder.assetcatalog; path = Images.xcassets; sourceTree = "<group>"; };
		707E41CA1B377B0300F95552 /* listCell.swift */ = {isa = PBXFileReference; fileEncoding = 4; lastKnownFileType = sourcecode.swift; path = listCell.swift; sourceTree = "<group>"; };
		70BC781A1B34EED90068B35C /* Food On Your Mind Shoping List.app */ = {isa = PBXFileReference; explicitFileType = wrapper.application; includeInIndex = 0; path = "Food On Your Mind Shoping List.app"; sourceTree = BUILT_PRODUCTS_DIR; };
		70BC781E1B34EED90068B35C /* Info.plist */ = {isa = PBXFileReference; lastKnownFileType = text.plist.xml; path = Info.plist; sourceTree = "<group>"; };
		70BC781F1B34EED90068B35C /* AppDelegate.swift */ = {isa = PBXFileReference; lastKnownFileType = sourcecode.swift; path = AppDelegate.swift; sourceTree = "<group>"; };
		70BC78211B34EED90068B35C /* ViewController.swift */ = {isa = PBXFileReference; lastKnownFileType = sourcecode.swift; path = ViewController.swift; sourceTree = "<group>"; };
		70BC78241B34EED90068B35C /* Base */ = {isa = PBXFileReference; lastKnownFileType = file.storyboard; name = Base; path = Base.lproj/Main.storyboard; sourceTree = "<group>"; };
		70BC78261B34EED90068B35C /* Images.xcassets */ = {isa = PBXFileReference; lastKnownFileType = folder.assetcatalog; path = Images.xcassets; sourceTree = "<group>"; };
		70BC78291B34EED90068B35C /* Base */ = {isa = PBXFileReference; lastKnownFileType = file.xib; name = Base; path = Base.lproj/LaunchScreen.xib; sourceTree = "<group>"; };
		70BC782F1B34EED90068B35C /* Food On Your Mind Shoping ListTests.xctest */ = {isa = PBXFileReference; explicitFileType = wrapper.cfbundle; includeInIndex = 0; path = "Food On Your Mind Shoping ListTests.xctest"; sourceTree = BUILT_PRODUCTS_DIR; };
		70BC78341B34EED90068B35C /* Info.plist */ = {isa = PBXFileReference; lastKnownFileType = text.plist.xml; path = Info.plist; sourceTree = "<group>"; };
		70BC78351B34EED90068B35C /* TableDemoTests.swift */ = {isa = PBXFileReference; lastKnownFileType = sourcecode.swift; path = TableDemoTests.swift; sourceTree = "<group>"; };
		70DD2C461B3F66B900DFB465 /* ingredientWatchCell.swift */ = {isa = PBXFileReference; fileEncoding = 4; lastKnownFileType = sourcecode.swift; path = ingredientWatchCell.swift; sourceTree = "<group>"; };
		70DD2C491B3F6A7A00DFB465 /* recipieModel.swift */ = {isa = PBXFileReference; fileEncoding = 4; lastKnownFileType = sourcecode.swift; path = recipieModel.swift; sourceTree = "<group>"; };
		70E8BA6F1B35C98E003CF4EF /* recipieModel.swift */ = {isa = PBXFileReference; fileEncoding = 4; lastKnownFileType = sourcecode.swift; path = recipieModel.swift; sourceTree = "<group>"; };
/* End PBXFileReference section */

/* Begin PBXFrameworksBuildPhase section */
		705AE9641B3B8B8500337C17 /* Frameworks */ = {
			isa = PBXFrameworksBuildPhase;
			buildActionMask = 2147483647;
			files = (
			);
			runOnlyForDeploymentPostprocessing = 0;
		};
		70BC78171B34EED90068B35C /* Frameworks */ = {
			isa = PBXFrameworksBuildPhase;
			buildActionMask = 2147483647;
			files = (
			);
			runOnlyForDeploymentPostprocessing = 0;
		};
		70BC782C1B34EED90068B35C /* Frameworks */ = {
			isa = PBXFrameworksBuildPhase;
			buildActionMask = 2147483647;
			files = (
			);
			runOnlyForDeploymentPostprocessing = 0;
		};
/* End PBXFrameworksBuildPhase section */

/* Begin PBXGroup section */
		705AE9681B3B8B8600337C17 /* Food On Your Mind Shoping List WatchKit Extension */ = {
			isa = PBXGroup;
			children = (
				70DD2C491B3F6A7A00DFB465 /* recipieModel.swift */,
				705AE96B1B3B8B8600337C17 /* InterfaceController.swift */,
				705AE96D1B3B8B8600337C17 /* Images.xcassets */,
				705AE9691B3B8B8600337C17 /* Supporting Files */,
				70DD2C461B3F66B900DFB465 /* ingredientWatchCell.swift */,
			);
			path = "Food On Your Mind Shoping List WatchKit Extension";
			sourceTree = "<group>";
		};
		705AE9691B3B8B8600337C17 /* Supporting Files */ = {
			isa = PBXGroup;
			children = (
				705AE96A1B3B8B8600337C17 /* Info.plist */,
			);
			name = "Supporting Files";
			sourceTree = "<group>";
		};
		705AE9751B3B8B8600337C17 /* Food On Your Mind Shoping List WatchKit App */ = {
			isa = PBXGroup;
			children = (
				705AE9781B3B8B8600337C17 /* Interface.storyboard */,
				705AE97B1B3B8B8600337C17 /* Images.xcassets */,
				705AE9761B3B8B8600337C17 /* Supporting Files */,
			);
			path = "Food On Your Mind Shoping List WatchKit App";
			sourceTree = "<group>";
		};
		705AE9761B3B8B8600337C17 /* Supporting Files */ = {
			isa = PBXGroup;
			children = (
				705AE9771B3B8B8600337C17 /* Info.plist */,
			);
			name = "Supporting Files";
			sourceTree = "<group>";
		};
		70BC78111B34EED90068B35C = {
			isa = PBXGroup;
			children = (
				70BC781C1B34EED90068B35C /* Food On Your Mind Shoping List */,
				70BC78321B34EED90068B35C /* Food On Your Mind Shoping List tests */,
				705AE9681B3B8B8600337C17 /* Food On Your Mind Shoping List WatchKit Extension */,
				705AE9751B3B8B8600337C17 /* Food On Your Mind Shoping List WatchKit App */,
				70BC781B1B34EED90068B35C /* Products */,
			);
			sourceTree = "<group>";
		};
		70BC781B1B34EED90068B35C /* Products */ = {
			isa = PBXGroup;
			children = (
				70BC781A1B34EED90068B35C /* Food On Your Mind Shoping List.app */,
				70BC782F1B34EED90068B35C /* Food On Your Mind Shoping ListTests.xctest */,
				705AE9671B3B8B8500337C17 /* Food On Your Mind Shoping List WatchKit Extension.appex */,
				705AE9711B3B8B8600337C17 /* Food On Your Mind Shoping List WatchKit App.app */,
			);
			name = Products;
			sourceTree = "<group>";
		};
		70BC781C1B34EED90068B35C /* Food On Your Mind Shoping List */ = {
			isa = PBXGroup;
			children = (
				707E41CA1B377B0300F95552 /* listCell.swift */,
				70BC781F1B34EED90068B35C /* AppDelegate.swift */,
				70E8BA6F1B35C98E003CF4EF /* recipieModel.swift */,
				70BC78211B34EED90068B35C /* ViewController.swift */,
				70BC78231B34EED90068B35C /* Main.storyboard */,
				70BC78261B34EED90068B35C /* Images.xcassets */,
				70BC78281B34EED90068B35C /* LaunchScreen.xib */,
				70BC781D1B34EED90068B35C /* Supporting Files */,
			);
			name = "Food On Your Mind Shoping List";
			path = TableDemo;
			sourceTree = "<group>";
		};
		70BC781D1B34EED90068B35C /* Supporting Files */ = {
			isa = PBXGroup;
			children = (
				70BC781E1B34EED90068B35C /* Info.plist */,
			);
			name = "Supporting Files";
			sourceTree = "<group>";
		};
		70BC78321B34EED90068B35C /* Food On Your Mind Shoping List tests */ = {
			isa = PBXGroup;
			children = (
				70BC78351B34EED90068B35C /* TableDemoTests.swift */,
				70BC78331B34EED90068B35C /* Supporting Files */,
			);
			name = "Food On Your Mind Shoping List tests";
			path = TableDemoTests;
			sourceTree = "<group>";
		};
		70BC78331B34EED90068B35C /* Supporting Files */ = {
			isa = PBXGroup;
			children = (
				70BC78341B34EED90068B35C /* Info.plist */,
			);
			name = "Supporting Files";
			sourceTree = "<group>";
		};
/* End PBXGroup section */

/* Begin PBXNativeTarget section */
		705AE9661B3B8B8500337C17 /* Food On Your Mind Shoping List WatchKit Extension */ = {
			isa = PBXNativeTarget;
			buildConfigurationList = 705AE9851B3B8B8600337C17 /* Build configuration list for PBXNativeTarget "Food On Your Mind Shoping List WatchKit Extension" */;
			buildPhases = (
				705AE9631B3B8B8500337C17 /* Sources */,
				705AE9641B3B8B8500337C17 /* Frameworks */,
				705AE9651B3B8B8500337C17 /* Resources */,
			);
			buildRules = (
			);
			dependencies = (
				705AE9741B3B8B8600337C17 /* PBXTargetDependency */,
			);
			name = "Food On Your Mind Shoping List WatchKit Extension";
			productName = "Food On Your Mind Shoping List WatchKit Extension";
			productReference = 705AE9671B3B8B8500337C17 /* Food On Your Mind Shoping List WatchKit Extension.appex */;
			productType = "com.apple.product-type.watchkit-extension";
		};
		705AE9701B3B8B8600337C17 /* Food On Your Mind Shoping List WatchKit App */ = {
			isa = PBXNativeTarget;
			buildConfigurationList = 705AE9841B3B8B8600337C17 /* Build configuration list for PBXNativeTarget "Food On Your Mind Shoping List WatchKit App" */;
			buildPhases = (
				705AE96F1B3B8B8600337C17 /* Resources */,
			);
			buildRules = (
			);
			dependencies = (
			);
			name = "Food On Your Mind Shoping List WatchKit App";
			productName = "Food On Your Mind Shoping List WatchKit App";
			productReference = 705AE9711B3B8B8600337C17 /* Food On Your Mind Shoping List WatchKit App.app */;
			productType = "com.apple.product-type.application.watchapp";
		};
		70BC78191B34EED90068B35C /* Food On Your Mind Shoping List */ = {
			isa = PBXNativeTarget;
			buildConfigurationList = 70BC78391B34EED90068B35C /* Build configuration list for PBXNativeTarget "Food On Your Mind Shoping List" */;
			buildPhases = (
				70BC78161B34EED90068B35C /* Sources */,
				70BC78171B34EED90068B35C /* Frameworks */,
				70BC78181B34EED90068B35C /* Resources */,
				705AE9861B3B8B8600337C17 /* Embed App Extensions */,
			);
			buildRules = (
			);
			dependencies = (
				705AE97E1B3B8B8600337C17 /* PBXTargetDependency */,
			);
			name = "Food On Your Mind Shoping List";
			productName = TableDemo;
			productReference = 70BC781A1B34EED90068B35C /* Food On Your Mind Shoping List.app */;
			productType = "com.apple.product-type.application";
		};
		70BC782E1B34EED90068B35C /* Food On Your Mind Shoping ListTests */ = {
			isa = PBXNativeTarget;
			buildConfigurationList = 70BC783C1B34EED90068B35C /* Build configuration list for PBXNativeTarget "Food On Your Mind Shoping ListTests" */;
			buildPhases = (
				70BC782B1B34EED90068B35C /* Sources */,
				70BC782C1B34EED90068B35C /* Frameworks */,
				70BC782D1B34EED90068B35C /* Resources */,
			);
			buildRules = (
			);
			dependencies = (
				70BC78311B34EED90068B35C /* PBXTargetDependency */,
			);
			name = "Food On Your Mind Shoping ListTests";
			productName = TableDemoTests;
			productReference = 70BC782F1B34EED90068B35C /* Food On Your Mind Shoping ListTests.xctest */;
			productType = "com.apple.product-type.bundle.unit-test";
		};
/* End PBXNativeTarget section */

/* Begin PBXProject section */
		70BC78121B34EED90068B35C /* Project object */ = {
			isa = PBXProject;
			attributes = {
				LastUpgradeCheck = 0630;
				ORGANIZATIONNAME = alec;
				TargetAttributes = {
					705AE9661B3B8B8500337C17 = {
						CreatedOnToolsVersion = 6.3.2;
					};
					705AE9701B3B8B8600337C17 = {
						CreatedOnToolsVersion = 6.3.2;
					};
					70BC78191B34EED90068B35C = {
						CreatedOnToolsVersion = 6.3.2;
					};
					70BC782E1B34EED90068B35C = {
						CreatedOnToolsVersion = 6.3.2;
						TestTargetID = 70BC78191B34EED90068B35C;
					};
				};
			};
			buildConfigurationList = 70BC78151B34EED90068B35C /* Build configuration list for PBXProject "Food On Your Mind Shoping List" */;
			compatibilityVersion = "Xcode 3.2";
			developmentRegion = English;
			hasScannedForEncodings = 0;
			knownRegions = (
				en,
				Base,
			);
			mainGroup = 70BC78111B34EED90068B35C;
			productRefGroup = 70BC781B1B34EED90068B35C /* Products */;
			projectDirPath = "";
			projectRoot = "";
			targets = (
				70BC78191B34EED90068B35C /* Food On Your Mind Shoping List */,
				70BC782E1B34EED90068B35C /* Food On Your Mind Shoping ListTests */,
				705AE9661B3B8B8500337C17 /* Food On Your Mind Shoping List WatchKit Extension */,
				705AE9701B3B8B8600337C17 /* Food On Your Mind Shoping List WatchKit App */,
			);
		};
/* End PBXProject section */

/* Begin PBXResourcesBuildPhase section */
		705AE9651B3B8B8500337C17 /* Resources */ = {
			isa = PBXResourcesBuildPhase;
			buildActionMask = 2147483647;
			files = (
				705AE9721B3B8B8600337C17 /* Food On Your Mind Shoping List WatchKit App.app in Resources */,
				70DD2C481B3F682E00DFB465 /* Interface.storyboard in Resources */,
				705AE96E1B3B8B8600337C17 /* Images.xcassets in Resources */,
			);
			runOnlyForDeploymentPostprocessing = 0;
		};
		705AE96F1B3B8B8600337C17 /* Resources */ = {
			isa = PBXResourcesBuildPhase;
			buildActionMask = 2147483647;
			files = (
				705AE97A1B3B8B8600337C17 /* Interface.storyboard in Resources */,
				705AE97C1B3B8B8600337C17 /* Images.xcassets in Resources */,
			);
			runOnlyForDeploymentPostprocessing = 0;
		};
		70BC78181B34EED90068B35C /* Resources */ = {
			isa = PBXResourcesBuildPhase;
			buildActionMask = 2147483647;
			files = (
				70BC78251B34EED90068B35C /* Main.storyboard in Resources */,
				70BC782A1B34EED90068B35C /* LaunchScreen.xib in Resources */,
				70BC78271B34EED90068B35C /* Images.xcassets in Resources */,
			);
			runOnlyForDeploymentPostprocessing = 0;
		};
		70BC782D1B34EED90068B35C /* Resources */ = {
			isa = PBXResourcesBuildPhase;
			buildActionMask = 2147483647;
			files = (
			);
			runOnlyForDeploymentPostprocessing = 0;
		};
/* End PBXResourcesBuildPhase section */

/* Begin PBXSourcesBuildPhase section */
		705AE9631B3B8B8500337C17 /* Sources */ = {
			isa = PBXSourcesBuildPhase;
			buildActionMask = 2147483647;
			files = (
				70DD2C471B3F66B900DFB465 /* ingredientWatchCell.swift in Sources */,
				70DD2C4A1B3F6A7A00DFB465 /* recipieModel.swift in Sources */,
				705AE96C1B3B8B8600337C17 /* InterfaceController.swift in Sources */,
			);
			runOnlyForDeploymentPostprocessing = 0;
		};
		70BC78161B34EED90068B35C /* Sources */ = {
			isa = PBXSourcesBuildPhase;
			buildActionMask = 2147483647;
			files = (
				70BC78221B34EED90068B35C /* ViewController.swift in Sources */,
				707E41CB1B377B0300F95552 /* listCell.swift in Sources */,
				70BC78201B34EED90068B35C /* AppDelegate.swift in Sources */,
				70E8BA701B35C98E003CF4EF /* recipieModel.swift in Sources */,
			);
			runOnlyForDeploymentPostprocessing = 0;
		};
		70BC782B1B34EED90068B35C /* Sources */ = {
			isa = PBXSourcesBuildPhase;
			buildActionMask = 2147483647;
			files = (
				70BC78361B34EED90068B35C /* TableDemoTests.swift in Sources */,
			);
			runOnlyForDeploymentPostprocessing = 0;
		};
/* End PBXSourcesBuildPhase section */

/* Begin PBXTargetDependency section */
		705AE9741B3B8B8600337C17 /* PBXTargetDependency */ = {
			isa = PBXTargetDependency;
			target = 705AE9701B3B8B8600337C17 /* Food On Your Mind Shoping List WatchKit App */;
			targetProxy = 705AE9731B3B8B8600337C17 /* PBXContainerItemProxy */;
		};
		705AE97E1B3B8B8600337C17 /* PBXTargetDependency */ = {
			isa = PBXTargetDependency;
			target = 705AE9661B3B8B8500337C17 /* Food On Your Mind Shoping List WatchKit Extension */;
			targetProxy = 705AE97D1B3B8B8600337C17 /* PBXContainerItemProxy */;
		};
		70BC78311B34EED90068B35C /* PBXTargetDependency */ = {
			isa = PBXTargetDependency;
			target = 70BC78191B34EED90068B35C /* Food On Your Mind Shoping List */;
			targetProxy = 70BC78301B34EED90068B35C /* PBXContainerItemProxy */;
		};
/* End PBXTargetDependency section */

/* Begin PBXVariantGroup section */
		705AE9781B3B8B8600337C17 /* Interface.storyboard */ = {
			isa = PBXVariantGroup;
			children = (
				705AE9791B3B8B8600337C17 /* Base */,
			);
			name = Interface.storyboard;
			sourceTree = "<group>";
		};
		70BC78231B34EED90068B35C /* Main.storyboard */ = {
			isa = PBXVariantGroup;
			children = (
				70BC78241B34EED90068B35C /* Base */,
			);
			name = Main.storyboard;
			sourceTree = "<group>";
		};
		70BC78281B34EED90068B35C /* LaunchScreen.xib */ = {
			isa = PBXVariantGroup;
			children = (
				70BC78291B34EED90068B35C /* Base */,
			);
			name = LaunchScreen.xib;
			sourceTree = "<group>";
		};
/* End PBXVariantGroup section */

/* Begin XCBuildConfiguration section */
		705AE9801B3B8B8600337C17 /* Debug */ = {
			isa = XCBuildConfiguration;
			buildSettings = {
				GCC_PREPROCESSOR_DEFINITIONS = (
					"DEBUG=1",
					"$(inherited)",
				);
				INFOPLIST_FILE = "Food On Your Mind Shoping List WatchKit Extension/Info.plist";
				LD_RUNPATH_SEARCH_PATHS = "$(inherited) @executable_path/Frameworks @executable_path/../../Frameworks";
				PRODUCT_NAME = "${TARGET_NAME}";
				SKIP_INSTALL = YES;
			};
			name = Debug;
		};
		705AE9811B3B8B8600337C17 /* Release */ = {
			isa = XCBuildConfiguration;
			buildSettings = {
				INFOPLIST_FILE = "Food On Your Mind Shoping List WatchKit Extension/Info.plist";
				LD_RUNPATH_SEARCH_PATHS = "$(inherited) @executable_path/Frameworks @executable_path/../../Frameworks";
				PRODUCT_NAME = "${TARGET_NAME}";
				SKIP_INSTALL = YES;
			};
			name = Release;
		};
		705AE9821B3B8B8600337C17 /* Debug */ = {
			isa = XCBuildConfiguration;
			buildSettings = {
				ASSETCATALOG_COMPILER_APPICON_NAME = AppIcon;
				GCC_PREPROCESSOR_DEFINITIONS = (
					"DEBUG=1",
					"$(inherited)",
				);
				IBSC_MODULE = Food_On_Your_Mind_Shoping_List_WatchKit_Extension;
				INFOPLIST_FILE = "Food On Your Mind Shoping List WatchKit App/Info.plist";
				IPHONEOS_DEPLOYMENT_TARGET = 8.2;
				PRODUCT_NAME = "$(TARGET_NAME)";
				SKIP_INSTALL = YES;
				TARGETED_DEVICE_FAMILY = 4;
				"TARGETED_DEVICE_FAMILY[sdk=iphonesimulator*]" = "1,4";
			};
			name = Debug;
		};
		705AE9831B3B8B8600337C17 /* Release */ = {
			isa = XCBuildConfiguration;
			buildSettings = {
				ASSETCATALOG_COMPILER_APPICON_NAME = AppIcon;
				IBSC_MODULE = Food_On_Your_Mind_Shoping_List_WatchKit_Extension;
				INFOPLIST_FILE = "Food On Your Mind Shoping List WatchKit App/Info.plist";
				IPHONEOS_DEPLOYMENT_TARGET = 8.2;
				PRODUCT_NAME = "$(TARGET_NAME)";
				SKIP_INSTALL = YES;
				TARGETED_DEVICE_FAMILY = 4;
				"TARGETED_DEVICE_FAMILY[sdk=iphonesimulator*]" = "1,4";
			};
			name = Release;
		};
		70BC78371B34EED90068B35C /* Debug */ = {
			isa = XCBuildConfiguration;
			buildSettings = {
				ALWAYS_SEARCH_USER_PATHS = NO;
				CLANG_CXX_LANGUAGE_STANDARD = "gnu++0x";
				CLANG_CXX_LIBRARY = "libc++";
				CLANG_ENABLE_MODULES = YES;
				CLANG_ENABLE_OBJC_ARC = YES;
				CLANG_WARN_BOOL_CONVERSION = YES;
				CLANG_WARN_CONSTANT_CONVERSION = YES;
				CLANG_WARN_DIRECT_OBJC_ISA_USAGE = YES_ERROR;
				CLANG_WARN_EMPTY_BODY = YES;
				CLANG_WARN_ENUM_CONVERSION = YES;
				CLANG_WARN_INT_CONVERSION = YES;
				CLANG_WARN_OBJC_ROOT_CLASS = YES_ERROR;
				CLANG_WARN_UNREACHABLE_CODE = YES;
				CLANG_WARN__DUPLICATE_METHOD_MATCH = YES;
				"CODE_SIGN_IDENTITY[sdk=iphoneos*]" = "iPhone Developer";
				COPY_PHASE_STRIP = NO;
				DEBUG_INFORMATION_FORMAT = "dwarf-with-dsym";
				ENABLE_STRICT_OBJC_MSGSEND = YES;
				GCC_C_LANGUAGE_STANDARD = gnu99;
				GCC_DYNAMIC_NO_PIC = NO;
				GCC_NO_COMMON_BLOCKS = YES;
				GCC_OPTIMIZATION_LEVEL = 0;
				GCC_PREPROCESSOR_DEFINITIONS = (
					"DEBUG=1",
					"$(inherited)",
				);
				GCC_SYMBOLS_PRIVATE_EXTERN = NO;
				GCC_WARN_64_TO_32_BIT_CONVERSION = YES;
				GCC_WARN_ABOUT_RETURN_TYPE = YES_ERROR;
				GCC_WARN_UNDECLARED_SELECTOR = YES;
				GCC_WARN_UNINITIALIZED_AUTOS = YES_AGGRESSIVE;
				GCC_WARN_UNUSED_FUNCTION = YES;
				GCC_WARN_UNUSED_VARIABLE = YES;
				IPHONEOS_DEPLOYMENT_TARGET = 8.3;
				MTL_ENABLE_DEBUG_INFO = YES;
				ONLY_ACTIVE_ARCH = YES;
				SDKROOT = iphoneos;
				SWIFT_OPTIMIZATION_LEVEL = "-Onone";
				TARGETED_DEVICE_FAMILY = "1,2";
			};
			name = Debug;
		};
		70BC78381B34EED90068B35C /* Release */ = {
			isa = XCBuildConfiguration;
			buildSettings = {
				ALWAYS_SEARCH_USER_PATHS = NO;
				CLANG_CXX_LANGUAGE_STANDARD = "gnu++0x";
				CLANG_CXX_LIBRARY = "libc++";
				CLANG_ENABLE_MODULES = YES;
				CLANG_ENABLE_OBJC_ARC = YES;
				CLANG_WARN_BOOL_CONVERSION = YES;
				CLANG_WARN_CONSTANT_CONVERSION = YES;
				CLANG_WARN_DIRECT_OBJC_ISA_USAGE = YES_ERROR;
				CLANG_WARN_EMPTY_BODY = YES;
				CLANG_WARN_ENUM_CONVERSION = YES;
				CLANG_WARN_INT_CONVERSION = YES;
				CLANG_WARN_OBJC_ROOT_CLASS = YES_ERROR;
				CLANG_WARN_UNREACHABLE_CODE = YES;
				CLANG_WARN__DUPLICATE_METHOD_MATCH = YES;
				"CODE_SIGN_IDENTITY[sdk=iphoneos*]" = "iPhone Developer";
				COPY_PHASE_STRIP = NO;
				DEBUG_INFORMATION_FORMAT = "dwarf-with-dsym";
				ENABLE_NS_ASSERTIONS = NO;
				ENABLE_STRICT_OBJC_MSGSEND = YES;
				GCC_C_LANGUAGE_STANDARD = gnu99;
				GCC_NO_COMMON_BLOCKS = YES;
				GCC_WARN_64_TO_32_BIT_CONVERSION = YES;
				GCC_WARN_ABOUT_RETURN_TYPE = YES_ERROR;
				GCC_WARN_UNDECLARED_SELECTOR = YES;
				GCC_WARN_UNINITIALIZED_AUTOS = YES_AGGRESSIVE;
				GCC_WARN_UNUSED_FUNCTION = YES;
				GCC_WARN_UNUSED_VARIABLE = YES;
				IPHONEOS_DEPLOYMENT_TARGET = 8.3;
				MTL_ENABLE_DEBUG_INFO = NO;
				SDKROOT = iphoneos;
				TARGETED_DEVICE_FAMILY = "1,2";
				VALIDATE_PRODUCT = YES;
			};
			name = Release;
		};
		70BC783A1B34EED90068B35C /* Debug */ = {
			isa = XCBuildConfiguration;
			buildSettings = {
				ASSETCATALOG_COMPILER_APPICON_NAME = AppIcon;
				INFOPLIST_FILE = TableDemo/Info.plist;
				LD_RUNPATH_SEARCH_PATHS = "$(inherited) @executable_path/Frameworks";
				PRODUCT_NAME = "Food On Your Mind Shoping List";
			};
			name = Debug;
		};
		70BC783B1B34EED90068B35C /* Release */ = {
			isa = XCBuildConfiguration;
			buildSettings = {
				ASSETCATALOG_COMPILER_APPICON_NAME = AppIcon;
				INFOPLIST_FILE = TableDemo/Info.plist;
				LD_RUNPATH_SEARCH_PATHS = "$(inherited) @executable_path/Frameworks";
				PRODUCT_NAME = "Food On Your Mind Shoping List";
			};
			name = Release;
		};
		70BC783D1B34EED90068B35C /* Debug */ = {
			isa = XCBuildConfiguration;
			buildSettings = {
				BUNDLE_LOADER = "$(TEST_HOST)";
				FRAMEWORK_SEARCH_PATHS = (
					"$(SDKROOT)/Developer/Library/Frameworks",
					"$(inherited)",
				);
				GCC_PREPROCESSOR_DEFINITIONS = (
					"DEBUG=1",
					"$(inherited)",
				);
				INFOPLIST_FILE = TableDemoTests/Info.plist;
				LD_RUNPATH_SEARCH_PATHS = "$(inherited) @executable_path/Frameworks @loader_path/Frameworks";
				PRODUCT_NAME = "Food On Your Mind Shoping ListTests";
				TEST_HOST = "$(BUILT_PRODUCTS_DIR)/TableDemo.app/TableDemo";
			};
			name = Debug;
		};
		70BC783E1B34EED90068B35C /* Release */ = {
			isa = XCBuildConfiguration;
			buildSettings = {
				BUNDLE_LOADER = "$(TEST_HOST)";
				FRAMEWORK_SEARCH_PATHS = (
					"$(SDKROOT)/Developer/Library/Frameworks",
					"$(inherited)",
				);
				INFOPLIST_FILE = TableDemoTests/Info.plist;
				LD_RUNPATH_SEARCH_PATHS = "$(inherited) @executable_path/Frameworks @loader_path/Frameworks";
				PRODUCT_NAME = "Food On Your Mind Shoping ListTests";
				TEST_HOST = "$(BUILT_PRODUCTS_DIR)/TableDemo.app/TableDemo";
			};
			name = Release;
		};
/* End XCBuildConfiguration section */

/* Begin XCConfigurationList section */
		705AE9841B3B8B8600337C17 /* Build configuration list for PBXNativeTarget "Food On Your Mind Shoping List WatchKit App" */ = {
			isa = XCConfigurationList;
			buildConfigurations = (
				705AE9821B3B8B8600337C17 /* Debug */,
				705AE9831B3B8B8600337C17 /* Release */,
			);
			defaultConfigurationIsVisible = 0;
			defaultConfigurationName = Release;
		};
		705AE9851B3B8B8600337C17 /* Build configuration list for PBXNativeTarget "Food On Your Mind Shoping List WatchKit Extension" */ = {
			isa = XCConfigurationList;
			buildConfigurations = (
				705AE9801B3B8B8600337C17 /* Debug */,
				705AE9811B3B8B8600337C17 /* Release */,
			);
			defaultConfigurationIsVisible = 0;
			defaultConfigurationName = Release;
		};
		70BC78151B34EED90068B35C /* Build configuration list for PBXProject "Food On Your Mind Shoping List" */ = {
			isa = XCConfigurationList;
			buildConfigurations = (
				70BC78371B34EED90068B35C /* Debug */,
				70BC78381B34EED90068B35C /* Release */,
			);
			defaultConfigurationIsVisible = 0;
			defaultConfigurationName = Release;
		};
		70BC78391B34EED90068B35C /* Build configuration list for PBXNativeTarget "Food On Your Mind Shoping List" */ = {
			isa = XCConfigurationList;
			buildConfigurations = (
				70BC783A1B34EED90068B35C /* Debug */,
				70BC783B1B34EED90068B35C /* Release */,
			);
			defaultConfigurationIsVisible = 0;
			defaultConfigurationName = Release;
		};
		70BC783C1B34EED90068B35C /* Build configuration list for PBXNativeTarget "Food On Your Mind Shoping ListTests" */ = {
			isa = XCConfigurationList;
			buildConfigurations = (
				70BC783D1B34EED90068B35C /* Debug */,
				70BC783E1B34EED90068B35C /* Release */,
			);
			defaultConfigurationIsVisible = 0;
			defaultConfigurationName = Release;
		};
/* End XCConfigurationList section */
	};
	rootObject = 70BC78121B34EED90068B35C /* Project object */;
}
